
Microsoft Visual Studio Solution File, Format Version 12.00
# Visual Studio Version 17
VisualStudioVersion = 17.4.33213.308
MinimumVisualStudioVersion = 10.0.40219.1
Project("{FAE04EC0-301F-11D3-BF4B-00C04F79EFBC}") = "MovieCrud", "MovieCrud.csproj", "{323CD95D-F288-4519-82CE-ABAF0FCD9572}"
EndProject
Global
	GlobalSection(SolutionConfigurationPlatforms) = preSolution
		Debug|Any CPU = Debug|Any CPU
		Release|Any CPU = Release|Any CPU
	EndGlobalSection
	GlobalSection(ProjectConfigurationPlatforms) = postSolution
		{323CD95D-F288-4519-82CE-ABAF0FCD9572}.Debug|Any CPU.ActiveCfg = Debug|Any CPU
		{323CD95D-F288-4519-82CE-ABAF0FCD9572}.Debug|Any CPU.Build.0 = Debug|Any CPU
		{323CD95D-F288-4519-82CE-ABAF0FCD9572}.Release|Any CPU.ActiveCfg = Release|Any CPU
		{323CD95D-F288-4519-82CE-ABAF0FCD9572}.Release|Any CPU.Build.0 = Release|Any CPU
	EndGlobalSection
	GlobalSection(SolutionProperties) = preSolution
		HideSolutionNode = FALSE
	EndGlobalSection
	GlobalSection(ExtensibilityGlobals) = postSolution
		SolutionGuid = {BE456782-8433-4581-A070-162F88993E86}
	EndGlobalSection
EndGlobal
